Microsoft Visual Studio Solution File, Format Version 12.00
# Visual Studio Version 17
VisualStudioVersion = 17.5.2.0
MinimumVisualStudioVersion = 10.0.40219.1
Project("{FAE04EC0-301F-11D3-BF4B-00C04F79EFBC}") = "MemoryLeak", "MemoryLeak\MemoryLeak.csproj", "{A66F5AC7-85CB-2C54-388E-081AD36F6CF4}"
EndProject
Global
	GlobalSection(SolutionConfigurationPlatforms) = preSolution
		Debug|Any CPU = Debug|Any CPU
		Release|Any CPU = Release|Any CPU
	EndGlobalSection
	GlobalSection(ProjectConfigurationPlatforms) = postSolution
		{A66F5AC7-85CB-2C54-388E-081AD36F6CF4}.Debug|Any CPU.ActiveCfg = Debug|Any CPU
		{A66F5AC7-85CB-2C54-388E-081AD36F6CF4}.Debug|Any CPU.Build.0 = Debug|Any CPU
		{A66F5AC7-85CB-2C54-388E-081AD36F6CF4}.Release|Any CPU.ActiveCfg = Release|Any CPU
		{A66F5AC7-85CB-2C54-388E-081AD36F6CF4}.Release|Any CPU.Build.0 = Release|Any CPU
	EndGlobalSection
	GlobalSection(SolutionProperties) = preSolution
		HideSolutionNode = FALSE
	EndGlobalSection
	GlobalSection(ExtensibilityGlobals) = postSolution
		SolutionGuid = {2F963FDD-AA96-484B-92C1-601D7B258C75}
	EndGlobalSection
EndGlobal
